// !$*UTF8*$!
{
	archiveVersion = 1;
	classes = {
	};
	objectVersion = 50;
	objects = {

/* Begin PBXBuildFile section */
		50EC8EA13395C178DEB68065 /* Pods_ViperTech.framework in Frameworks */ = {isa = PBXBuildFile; fileRef = 207C2F22A6A3094D257598A1 /* Pods_ViperTech.framework */; };
		FB84522221786B36001BA9D7 /* AppDelegate.swift in Sources */ = {isa = PBXBuildFile; fileRef = FB84522121786B36001BA9D7 /* AppDelegate.swift */; };
		FB84522721786B36001BA9D7 /* MainViewController.storyboard in Resources */ = {isa = PBXBuildFile; fileRef = FB84522521786B36001BA9D7 /* MainViewController.storyboard */; };
		FB84522A21786B36001BA9D7 /* ViperTech.xcdatamodeld in Sources */ = {isa = PBXBuildFile; fileRef = FB84522821786B36001BA9D7 /* ViperTech.xcdatamodeld */; };
		FB84522C21786B38001BA9D7 /* Assets.xcassets in Resources */ = {isa = PBXBuildFile; fileRef = FB84522B21786B38001BA9D7 /* Assets.xcassets */; };
		FB84522F21786B38001BA9D7 /* LaunchScreen.storyboard in Resources */ = {isa = PBXBuildFile; fileRef = FB84522D21786B38001BA9D7 /* LaunchScreen.storyboard */; };
		FB84524021786FA3001BA9D7 /* MainPresenter.swift in Sources */ = {isa = PBXBuildFile; fileRef = FB84523A21786FA3001BA9D7 /* MainPresenter.swift */; };
		FB84524121786FA3001BA9D7 /* MainRouter.swift in Sources */ = {isa = PBXBuildFile; fileRef = FB84523B21786FA3001BA9D7 /* MainRouter.swift */; };
		FB84524221786FA3001BA9D7 /* MainViewController.swift in Sources */ = {isa = PBXBuildFile; fileRef = FB84523C21786FA3001BA9D7 /* MainViewController.swift */; };
		FB84524321786FA3001BA9D7 /* MainProtocols.swift in Sources */ = {isa = PBXBuildFile; fileRef = FB84523D21786FA3001BA9D7 /* MainProtocols.swift */; };
		FB84524421786FA3001BA9D7 /* MainInteractor.swift in Sources */ = {isa = PBXBuildFile; fileRef = FB84523E21786FA3001BA9D7 /* MainInteractor.swift */; };
		FB84524521786FA3001BA9D7 /* MainEntities.swift in Sources */ = {isa = PBXBuildFile; fileRef = FB84523F21786FA3001BA9D7 /* MainEntities.swift */; };
		FB84524821787247001BA9D7 /* StoryboardExtension.swift in Sources */ = {isa = PBXBuildFile; fileRef = FB84524721787247001BA9D7 /* StoryboardExtension.swift */; };
		FB84524A21788B7E001BA9D7 /* UIViewExtension.swift in Sources */ = {isa = PBXBuildFile; fileRef = FB84524921788B7E001BA9D7 /* UIViewExtension.swift */; };
		FB84525421788F4C001BA9D7 /* SelectorPresenter.swift in Sources */ = {isa = PBXBuildFile; fileRef = FB84524E21788F4C001BA9D7 /* SelectorPresenter.swift */; };
		FB84525521788F4C001BA9D7 /* SelectorRouter.swift in Sources */ = {isa = PBXBuildFile; fileRef = FB84524F21788F4C001BA9D7 /* SelectorRouter.swift */; };
		FB84525621788F4C001BA9D7 /* SelectorViewController.swift in Sources */ = {isa = PBXBuildFile; fileRef = FB84525021788F4C001BA9D7 /* SelectorViewController.swift */; };
		FB84525721788F4C001BA9D7 /* SelectorProtocols.swift in Sources */ = {isa = PBXBuildFile; fileRef = FB84525121788F4C001BA9D7 /* SelectorProtocols.swift */; };
		FB84525821788F4C001BA9D7 /* SelectorInteractor.swift in Sources */ = {isa = PBXBuildFile; fileRef = FB84525221788F4C001BA9D7 /* SelectorInteractor.swift */; };
		FB84525921788F4C001BA9D7 /* SelectorEntities.swift in Sources */ = {isa = PBXBuildFile; fileRef = FB84525321788F4C001BA9D7 /* SelectorEntities.swift */; };
		FB84526121789EA3001BA9D7 /* NavigationBarExtension.swift in Sources */ = {isa = PBXBuildFile; fileRef = FB84526021789EA3001BA9D7 /* NavigationBarExtension.swift */; };
		FB84526321789FF8001BA9D7 /* SelectorViewController.xib in Resources */ = {isa = PBXBuildFile; fileRef = FB84526221789FF8001BA9D7 /* SelectorViewController.xib */; };
		FB8452652178A416001BA9D7 /* UIApplicationExtension.swift in Sources */ = {isa = PBXBuildFile; fileRef = FB8452642178A416001BA9D7 /* UIApplicationExtension.swift */; };
		FB8452682179C6A2001BA9D7 /* ConfigParams.swift in Sources */ = {isa = PBXBuildFile; fileRef = FB8452672179C6A2001BA9D7 /* ConfigParams.swift */; };
		FB84526A2179C8E8001BA9D7 /* SelectorTableDataSource.swift in Sources */ = {isa = PBXBuildFile; fileRef = FB8452692179C8E8001BA9D7 /* SelectorTableDataSource.swift */; };
		FB84526C2179C8F7001BA9D7 /* SelectorTableDelegate.swift in Sources */ = {isa = PBXBuildFile; fileRef = FB84526B2179C8F7001BA9D7 /* SelectorTableDelegate.swift */; };
		FB8452702179C9CE001BA9D7 /* SelectorTableViewCell.swift in Sources */ = {isa = PBXBuildFile; fileRef = FB84526E2179C9CE001BA9D7 /* SelectorTableViewCell.swift */; };
		FB8452712179C9CE001BA9D7 /* SelectorTableViewCell.xib in Resources */ = {isa = PBXBuildFile; fileRef = FB84526F2179C9CE001BA9D7 /* SelectorTableViewCell.xib */; };
/* End PBXBuildFile section */

/* Begin PBXFileReference section */
		207C2F22A6A3094D257598A1 /* Pods_ViperTech.framework */ = {isa = PBXFileReference; explicitFileType = wrapper.framework; includeInIndex = 0; path = Pods_ViperTech.framework; sourceTree = BUILT_PRODUCTS_DIR; };
		269EB1993C8F02D5C7B3BC62 /* Pods-ViperTech.debug.xcconfig */ = {isa = PBXFileReference; includeInIndex = 1; lastKnownFileType = text.xcconfig; name = "Pods-ViperTech.debug.xcconfig"; path = "Pods/Target Support Files/Pods-ViperTech/Pods-ViperTech.debug.xcconfig"; sourceTree = "<group>"; };
		FA7DDFEB1F80789A671D0748 /* Pods-ViperTech.release.xcconfig */ = {isa = PBXFileReference; includeInIndex = 1; lastKnownFileType = text.xcconfig; name = "Pods-ViperTech.release.xcconfig"; path = "Pods/Target Support Files/Pods-ViperTech/Pods-ViperTech.release.xcconfig"; sourceTree = "<group>"; };
		FB84521E21786B36001BA9D7 /* ViperTech.app */ = {isa = PBXFileReference; explicitFileType = wrapper.application; includeInIndex = 0; path = ViperTech.app; sourceTree = BUILT_PRODUCTS_DIR; };
		FB84522121786B36001BA9D7 /* AppDelegate.swift */ = {isa = PBXFileReference; lastKnownFileType = sourcecode.swift; path = AppDelegate.swift; sourceTree = "<group>"; };
		FB84522621786B36001BA9D7 /* Base */ = {isa = PBXFileReference; lastKnownFileType = file.storyboard; name = Base; path = Base.lproj/MainViewController.storyboard; sourceTree = "<group>"; };
		FB84522921786B36001BA9D7 /* ViperTech.xcdatamodel */ = {isa = PBXFileReference; lastKnownFileType = wrapper.xcdatamodel; path = ViperTech.xcdatamodel; sourceTree = "<group>"; };
		FB84522B21786B38001BA9D7 /* Assets.xcassets */ = {isa = PBXFileReference; lastKnownFileType = folder.assetcatalog; path = Assets.xcassets; sourceTree = "<group>"; };
		FB84522E21786B38001BA9D7 /* Base */ = {isa = PBXFileReference; lastKnownFileType = file.storyboard; name = Base; path = Base.lproj/LaunchScreen.storyboard; sourceTree = "<group>"; };
		FB84523021786B38001BA9D7 /* Info.plist */ = {isa = PBXFileReference; lastKnownFileType = text.plist.xml; path = Info.plist; sourceTree = "<group>"; };
		FB84523A21786FA3001BA9D7 /* MainPresenter.swift */ = {isa = PBXFileReference; lastKnownFileType = sourcecode.swift; path = MainPresenter.swift; sourceTree = "<group>"; };
		FB84523B21786FA3001BA9D7 /* MainRouter.swift */ = {isa = PBXFileReference; lastKnownFileType = sourcecode.swift; path = MainRouter.swift; sourceTree = "<group>"; };
		FB84523C21786FA3001BA9D7 /* MainViewController.swift */ = {isa = PBXFileReference; lastKnownFileType = sourcecode.swift; path = MainViewController.swift; sourceTree = "<group>"; };
		FB84523D21786FA3001BA9D7 /* MainProtocols.swift */ = {isa = PBXFileReference; lastKnownFileType = sourcecode.swift; path = MainProtocols.swift; sourceTree = "<group>"; };
		FB84523E21786FA3001BA9D7 /* MainInteractor.swift */ = {isa = PBXFileReference; lastKnownFileType = sourcecode.swift; path = MainInteractor.swift; sourceTree = "<group>"; };
		FB84523F21786FA3001BA9D7 /* MainEntities.swift */ = {isa = PBXFileReference; lastKnownFileType = sourcecode.swift; path = MainEntities.swift; sourceTree = "<group>"; };
		FB84524721787247001BA9D7 /* StoryboardExtension.swift */ = {isa = PBXFileReference; lastKnownFileType = sourcecode.swift; path = StoryboardExtension.swift; sourceTree = "<group>"; };
		FB84524921788B7E001BA9D7 /* UIViewExtension.swift */ = {isa = PBXFileReference; lastKnownFileType = sourcecode.swift; path = UIViewExtension.swift; sourceTree = "<group>"; };
		FB84524E21788F4C001BA9D7 /* SelectorPresenter.swift */ = {isa = PBXFileReference; lastKnownFileType = sourcecode.swift; path = SelectorPresenter.swift; sourceTree = "<group>"; };
		FB84524F21788F4C001BA9D7 /* SelectorRouter.swift */ = {isa = PBXFileReference; lastKnownFileType = sourcecode.swift; path = SelectorRouter.swift; sourceTree = "<group>"; };
		FB84525021788F4C001BA9D7 /* SelectorViewController.swift */ = {isa = PBXFileReference; lastKnownFileType = sourcecode.swift; path = SelectorViewController.swift; sourceTree = "<group>"; };
		FB84525121788F4C001BA9D7 /* SelectorProtocols.swift */ = {isa = PBXFileReference; lastKnownFileType = sourcecode.swift; path = SelectorProtocols.swift; sourceTree = "<group>"; };
		FB84525221788F4C001BA9D7 /* SelectorInteractor.swift */ = {isa = PBXFileReference; lastKnownFileType = sourcecode.swift; path = SelectorInteractor.swift; sourceTree = "<group>"; };
		FB84525321788F4C001BA9D7 /* SelectorEntities.swift */ = {isa = PBXFileReference; lastKnownFileType = sourcecode.swift; path = SelectorEntities.swift; sourceTree = "<group>"; };
		FB84526021789EA3001BA9D7 /* NavigationBarExtension.swift */ = {isa = PBXFileReference; lastKnownFileType = sourcecode.swift; path = NavigationBarExtension.swift; sourceTree = "<group>"; };
		FB84526221789FF8001BA9D7 /* SelectorViewController.xib */ = {isa = PBXFileReference; lastKnownFileType = file.xib; path = SelectorViewController.xib; sourceTree = "<group>"; };
		FB8452642178A416001BA9D7 /* UIApplicationExtension.swift */ = {isa = PBXFileReference; lastKnownFileType = sourcecode.swift; path = UIApplicationExtension.swift; sourceTree = "<group>"; };
		FB8452672179C6A2001BA9D7 /* ConfigParams.swift */ = {isa = PBXFileReference; lastKnownFileType = sourcecode.swift; path = ConfigParams.swift; sourceTree = "<group>"; };
		FB8452692179C8E8001BA9D7 /* SelectorTableDataSource.swift */ = {isa = PBXFileReference; lastKnownFileType = sourcecode.swift; path = SelectorTableDataSource.swift; sourceTree = "<group>"; };
		FB84526B2179C8F7001BA9D7 /* SelectorTableDelegate.swift */ = {isa = PBXFileReference; lastKnownFileType = sourcecode.swift; path = SelectorTableDelegate.swift; sourceTree = "<group>"; };
		FB84526E2179C9CE001BA9D7 /* SelectorTableViewCell.swift */ = {isa = PBXFileReference; lastKnownFileType = sourcecode.swift; path = SelectorTableViewCell.swift; sourceTree = "<group>"; };
		FB84526F2179C9CE001BA9D7 /* SelectorTableViewCell.xib */ = {isa = PBXFileReference; lastKnownFileType = file.xib; path = SelectorTableViewCell.xib; sourceTree = "<group>"; };
/* End PBXFileReference section */

/* Begin PBXFrameworksBuildPhase section */
		FB84521B21786B36001BA9D7 /* Frameworks */ = {
			isa = PBXFrameworksBuildPhase;
			buildActionMask = 2147483647;
			files = (
				50EC8EA13395C178DEB68065 /* Pods_ViperTech.framework in Frameworks */,
			);
			runOnlyForDeploymentPostprocessing = 0;
		};
/* End PBXFrameworksBuildPhase section */

/* Begin PBXGroup section */
		115972E0796E0A8CEAE9C9F2 /* Pods */ = {
			isa = PBXGroup;
			children = (
				269EB1993C8F02D5C7B3BC62 /* Pods-ViperTech.debug.xcconfig */,
				FA7DDFEB1F80789A671D0748 /* Pods-ViperTech.release.xcconfig */,
			);
			name = Pods;
			sourceTree = "<group>";
		};
		BBA00E567F3269F71A465544 /* Frameworks */ = {
			isa = PBXGroup;
			children = (
				207C2F22A6A3094D257598A1 /* Pods_ViperTech.framework */,
			);
			name = Frameworks;
			sourceTree = "<group>";
		};
		FB84521521786B36001BA9D7 = {
			isa = PBXGroup;
			children = (
				FB84522021786B36001BA9D7 /* ViperTech */,
				FB84521F21786B36001BA9D7 /* Products */,
				115972E0796E0A8CEAE9C9F2 /* Pods */,
				BBA00E567F3269F71A465544 /* Frameworks */,
			);
			sourceTree = "<group>";
		};
		FB84521F21786B36001BA9D7 /* Products */ = {
			isa = PBXGroup;
			children = (
				FB84521E21786B36001BA9D7 /* ViperTech.app */,
			);
			name = Products;
			sourceTree = "<group>";
		};
		FB84522021786B36001BA9D7 /* ViperTech */ = {
			isa = PBXGroup;
			children = (
				FB8452722179D261001BA9D7 /* NetworkLayer */,
				FB8452662179C672001BA9D7 /* Configuration */,
				FB84524621787236001BA9D7 /* Extension */,
				FB84523621786E35001BA9D7 /* Modules */,
				FB84522121786B36001BA9D7 /* AppDelegate.swift */,
				FB84522B21786B38001BA9D7 /* Assets.xcassets */,
				FB84522D21786B38001BA9D7 /* LaunchScreen.storyboard */,
				FB84523021786B38001BA9D7 /* Info.plist */,
				FB84522821786B36001BA9D7 /* ViperTech.xcdatamodeld */,
			);
			path = ViperTech;
			sourceTree = "<group>";
		};
		FB84523621786E35001BA9D7 /* Modules */ = {
			isa = PBXGroup;
			children = (
				FB84524C21788F2F001BA9D7 /* Detail */,
				FB84524B21788F21001BA9D7 /* Selector */,
				FB84523721786E40001BA9D7 /* Main */,
			);
			path = Modules;
			sourceTree = "<group>";
		};
		FB84523721786E40001BA9D7 /* Main */ = {
			isa = PBXGroup;
			children = (
				FB84523A21786FA3001BA9D7 /* MainPresenter.swift */,
				FB84523B21786FA3001BA9D7 /* MainRouter.swift */,
				FB84523C21786FA3001BA9D7 /* MainViewController.swift */,
				FB84523D21786FA3001BA9D7 /* MainProtocols.swift */,
				FB84523E21786FA3001BA9D7 /* MainInteractor.swift */,
				FB84523F21786FA3001BA9D7 /* MainEntities.swift */,
				FB84522521786B36001BA9D7 /* MainViewController.storyboard */,
			);
			path = Main;
			sourceTree = "<group>";
		};
		FB84524621787236001BA9D7 /* Extension */ = {
			isa = PBXGroup;
			children = (
				FB84524721787247001BA9D7 /* StoryboardExtension.swift */,
				FB84524921788B7E001BA9D7 /* UIViewExtension.swift */,
				FB84526021789EA3001BA9D7 /* NavigationBarExtension.swift */,
				FB8452642178A416001BA9D7 /* UIApplicationExtension.swift */,
			);
			path = Extension;
			sourceTree = "<group>";
		};
		FB84524B21788F21001BA9D7 /* Selector */ = {
			isa = PBXGroup;
			children = (
				FB84524D21788F37001BA9D7 /* Table */,
				FB84524E21788F4C001BA9D7 /* SelectorPresenter.swift */,
				FB84524F21788F4C001BA9D7 /* SelectorRouter.swift */,
				FB84525021788F4C001BA9D7 /* SelectorViewController.swift */,
				FB84525121788F4C001BA9D7 /* SelectorProtocols.swift */,
				FB84525221788F4C001BA9D7 /* SelectorInteractor.swift */,
				FB84525321788F4C001BA9D7 /* SelectorEntities.swift */,
				FB84526221789FF8001BA9D7 /* SelectorViewController.xib */,
			);
			path = Selector;
			sourceTree = "<group>";
		};
		FB84524C21788F2F001BA9D7 /* Detail */ = {
			isa = PBXGroup;
			children = (
			);
			path = Detail;
			sourceTree = "<group>";
		};
		FB84524D21788F37001BA9D7 /* Table */ = {
			isa = PBXGroup;
			children = (
				FB84526D2179C9B0001BA9D7 /* Cells */,
				FB84526B2179C8F7001BA9D7 /* SelectorTableDelegate.swift */,
				FB8452692179C8E8001BA9D7 /* SelectorTableDataSource.swift */,
			);
			path = Table;
			sourceTree = "<group>";
		};
		FB8452662179C672001BA9D7 /* Configuration */ = {
			isa = PBXGroup;
			children = (
				FB8452672179C6A2001BA9D7 /* ConfigParams.swift */,
			);
			path = Configuration;
			sourceTree = "<group>";
		};
		FB84526D2179C9B0001BA9D7 /* Cells */ = {
			isa = PBXGroup;
			children = (
				FB84526E2179C9CE001BA9D7 /* SelectorTableViewCell.swift */,
				FB84526F2179C9CE001BA9D7 /* SelectorTableViewCell.xib */,
			);
			path = Cells;
			sourceTree = "<group>";
		};
		FB8452722179D261001BA9D7 /* NetworkLayer */ = {
			isa = PBXGroup;
			children = (
			);
			path = NetworkLayer;
			sourceTree = "<group>";
		};
/* End PBXGroup section */

/* Begin PBXNativeTarget section */
		FB84521D21786B36001BA9D7 /* ViperTech */ = {
			isa = PBXNativeTarget;
			buildConfigurationList = FB84523321786B38001BA9D7 /* Build configuration list for PBXNativeTarget "ViperTech" */;
			buildPhases = (
				5186F04EEC7F23856BCA387E /* [CP] Check Pods Manifest.lock */,
				FB84521A21786B36001BA9D7 /* Sources */,
				FB84521B21786B36001BA9D7 /* Frameworks */,
				FB84521C21786B36001BA9D7 /* Resources */,
				314A0FB8A403DFD691CA0B5E /* [CP] Embed Pods Frameworks */,
			);
			buildRules = (
			);
			dependencies = (
			);
			name = ViperTech;
			productName = ViperTech;
			productReference = FB84521E21786B36001BA9D7 /* ViperTech.app */;
			productType = "com.apple.product-type.application";
		};
/* End PBXNativeTarget section */

/* Begin PBXProject section */
		FB84521621786B36001BA9D7 /* Project object */ = {
			isa = PBXProject;
			attributes = {
				LastSwiftUpdateCheck = 1000;
				LastUpgradeCheck = 1000;
				ORGANIZATIONNAME = adriaros;
				TargetAttributes = {
					FB84521D21786B36001BA9D7 = {
						CreatedOnToolsVersion = 10.0;
					};
				};
			};
			buildConfigurationList = FB84521921786B36001BA9D7 /* Build configuration list for PBXProject "ViperTech" */;
			compatibilityVersion = "Xcode 9.3";
			developmentRegion = en;
			hasScannedForEncodings = 0;
			knownRegions = (
				en,
				Base,
			);
			mainGroup = FB84521521786B36001BA9D7;
			productRefGroup = FB84521F21786B36001BA9D7 /* Products */;
			projectDirPath = "";
			projectRoot = "";
			targets = (
				FB84521D21786B36001BA9D7 /* ViperTech */,
			);
		};
/* End PBXProject section */

/* Begin PBXResourcesBuildPhase section */
		FB84521C21786B36001BA9D7 /* Resources */ = {
			isa = PBXResourcesBuildPhase;
			buildActionMask = 2147483647;
			files = (
				FB84522F21786B38001BA9D7 /* LaunchScreen.storyboard in Resources */,
				FB8452712179C9CE001BA9D7 /* SelectorTableViewCell.xib in Resources */,
				FB84522C21786B38001BA9D7 /* Assets.xcassets in Resources */,
				FB84522721786B36001BA9D7 /* MainViewController.storyboard in Resources */,
				FB84526321789FF8001BA9D7 /* SelectorViewController.xib in Resources */,
			);
			runOnlyForDeploymentPostprocessing = 0;
		};
/* End PBXResourcesBuildPhase section */

/* Begin PBXShellScriptBuildPhase section */
		314A0FB8A403DFD691CA0B5E /* [CP] Embed Pods Frameworks */ = {
			isa = PBXShellScriptBuildPhase;
			buildActionMask = 2147483647;
			files = (
			);
			inputFileListPaths = (
			);
			inputPaths = (
				"${SRCROOT}/Pods/Target Support Files/Pods-ViperTech/Pods-ViperTech-frameworks.sh",
				"${BUILT_PRODUCTS_DIR}/RxSwift/RxSwift.framework",
			);
			name = "[CP] Embed Pods Frameworks";
			outputFileListPaths = (
			);
			outputPaths = (
				"${TARGET_BUILD_DIR}/${FRAMEWORKS_FOLDER_PATH}/RxSwift.framework",
			);
			runOnlyForDeploymentPostprocessing = 0;
			shellPath = /bin/sh;
			shellScript = "\"${SRCROOT}/Pods/Target Support Files/Pods-ViperTech/Pods-ViperTech-frameworks.sh\"\n";
			showEnvVarsInLog = 0;
		};
		5186F04EEC7F23856BCA387E /* [CP] Check Pods Manifest.lock */ = {
			isa = PBXShellScriptBuildPhase;
			buildActionMask = 2147483647;
			files = (
			);
			inputFileListPaths = (
			);
			inputPaths = (
				"${PODS_PODFILE_DIR_PATH}/Podfile.lock",
				"${PODS_ROOT}/Manifest.lock",
			);
			name = "[CP] Check Pods Manifest.lock";
			outputFileListPaths = (
			);
			outputPaths = (
				"$(DERIVED_FILE_DIR)/Pods-ViperTech-checkManifestLockResult.txt",
			);
			runOnlyForDeploymentPostprocessing = 0;
			shellPath = /bin/sh;
			shellScript = "diff \"${PODS_PODFILE_DIR_PATH}/Podfile.lock\" \"${PODS_ROOT}/Manifest.lock\" > /dev/null\nif [ $? != 0 ] ; then\n    # print error to STDERR\n    echo \"error: The sandbox is not in sync with the Podfile.lock. Run 'pod install' or update your CocoaPods installation.\" >&2\n    exit 1\nfi\n# This output is used by Xcode 'outputs' to avoid re-running this script phase.\necho \"SUCCESS\" > \"${SCRIPT_OUTPUT_FILE_0}\"\n";
			showEnvVarsInLog = 0;
		};
/* End PBXShellScriptBuildPhase section */

/* Begin PBXSourcesBuildPhase section */
		FB84521A21786B36001BA9D7 /* Sources */ = {
			isa = PBXSourcesBuildPhase;
			buildActionMask = 2147483647;
			files = (
				FB84525421788F4C001BA9D7 /* SelectorPresenter.swift in Sources */,
				FB84525521788F4C001BA9D7 /* SelectorRouter.swift in Sources */,
				FB84524A21788B7E001BA9D7 /* UIViewExtension.swift in Sources */,
				FB84524121786FA3001BA9D7 /* MainRouter.swift in Sources */,
				FB84524321786FA3001BA9D7 /* MainProtocols.swift in Sources */,
				FB84522221786B36001BA9D7 /* AppDelegate.swift in Sources */,
				FB84526C2179C8F7001BA9D7 /* SelectorTableDelegate.swift in Sources */,
				FB8452652178A416001BA9D7 /* UIApplicationExtension.swift in Sources */,
				FB84524221786FA3001BA9D7 /* MainViewController.swift in Sources */,
				FB8452682179C6A2001BA9D7 /* ConfigParams.swift in Sources */,
				FB84526121789EA3001BA9D7 /* NavigationBarExtension.swift in Sources */,
				FB84525921788F4C001BA9D7 /* SelectorEntities.swift in Sources */,
				FB84524821787247001BA9D7 /* StoryboardExtension.swift in Sources */,
				FB84526A2179C8E8001BA9D7 /* SelectorTableDataSource.swift in Sources */,
				FB84525721788F4C001BA9D7 /* SelectorProtocols.swift in Sources */,
				FB84525821788F4C001BA9D7 /* SelectorInteractor.swift in Sources */,
				FB84525621788F4C001BA9D7 /* SelectorViewController.swift in Sources */,
				FB84522A21786B36001BA9D7 /* ViperTech.xcdatamodeld in Sources */,
				FB8452702179C9CE001BA9D7 /* SelectorTableViewCell.swift in Sources */,
				FB84524021786FA3001BA9D7 /* MainPresenter.swift in Sources */,
				FB84524521786FA3001BA9D7 /* MainEntities.swift in Sources */,
				FB84524421786FA3001BA9D7 /* MainInteractor.swift in Sources */,
			);
			runOnlyForDeploymentPostprocessing = 0;
		};
/* End PBXSourcesBuildPhase section */

/* Begin PBXVariantGroup section */
		FB84522521786B36001BA9D7 /* MainViewController.storyboard */ = {
			isa = PBXVariantGroup;
			children = (
				FB84522621786B36001BA9D7 /* Base */,
			);
			name = MainViewController.storyboard;
			sourceTree = "<group>";
		};
		FB84522D21786B38001BA9D7 /* LaunchScreen.storyboard */ = {
			isa = PBXVariantGroup;
			children = (
				FB84522E21786B38001BA9D7 /* Base */,
			);
			name = LaunchScreen.storyboard;
			sourceTree = "<group>";
		};
/* End PBXVariantGroup section */

/* Begin XCBuildConfiguration section */
		FB84523121786B38001BA9D7 /* Debug */ = {
			isa = XCBuildConfiguration;
			buildSettings = {
				ALWAYS_SEARCH_USER_PATHS = NO;
				CLANG_ANALYZER_NONNULL = YES;
				CLANG_ANALYZER_NUMBER_OBJECT_CONVERSION = YES_AGGRESSIVE;
				CLANG_CXX_LANGUAGE_STANDARD = "gnu++14";
				CLANG_CXX_LIBRARY = "libc++";
				CLANG_ENABLE_MODULES = YES;
				CLANG_ENABLE_OBJC_ARC = YES;
				CLANG_ENABLE_OBJC_WEAK = YES;
				CLANG_WARN_BLOCK_CAPTURE_AUTORELEASING = YES;
				CLANG_WARN_BOOL_CONVERSION = YES;
				CLANG_WARN_COMMA = YES;
				CLANG_WARN_CONSTANT_CONVERSION = YES;
				CLANG_WARN_DEPRECATED_OBJC_IMPLEMENTATIONS = YES;
				CLANG_WARN_DIRECT_OBJC_ISA_USAGE = YES_ERROR;
				CLANG_WARN_DOCUMENTATION_COMMENTS = YES;
				CLANG_WARN_EMPTY_BODY = YES;
				CLANG_WARN_ENUM_CONVERSION = YES;
				CLANG_WARN_INFINITE_RECURSION = YES;
				CLANG_WARN_INT_CONVERSION = YES;
				CLANG_WARN_NON_LITERAL_NULL_CONVERSION = YES;
				CLANG_WARN_OBJC_IMPLICIT_RETAIN_SELF = YES;
				CLANG_WARN_OBJC_LITERAL_CONVERSION = YES;
				CLANG_WARN_OBJC_ROOT_CLASS = YES_ERROR;
				CLANG_WARN_RANGE_LOOP_ANALYSIS = YES;
				CLANG_WARN_STRICT_PROTOTYPES = YES;
				CLANG_WARN_SUSPICIOUS_MOVE = YES;
				CLANG_WARN_UNGUARDED_AVAILABILITY = YES_AGGRESSIVE;
				CLANG_WARN_UNREACHABLE_CODE = YES;
				CLANG_WARN__DUPLICATE_METHOD_MATCH = YES;
				CODE_SIGN_IDENTITY = "iPhone Developer";
				COPY_PHASE_STRIP = NO;
				DEBUG_INFORMATION_FORMAT = dwarf;
				ENABLE_STRICT_OBJC_MSGSEND = YES;
				ENABLE_TESTABILITY = YES;
				GCC_C_LANGUAGE_STANDARD = gnu11;
				GCC_DYNAMIC_NO_PIC = NO;
				GCC_NO_COMMON_BLOCKS = YES;
				GCC_OPTIMIZATION_LEVEL = 0;
				GCC_PREPROCESSOR_DEFINITIONS = (
					"DEBUG=1",
					"$(inherited)",
				);
				GCC_WARN_64_TO_32_BIT_CONVERSION = YES;
				GCC_WARN_ABOUT_RETURN_TYPE = YES_ERROR;
				GCC_WARN_UNDECLARED_SELECTOR = YES;
				GCC_WARN_UNINITIALIZED_AUTOS = YES_AGGRESSIVE;
				GCC_WARN_UNUSED_FUNCTION = YES;
				GCC_WARN_UNUSED_VARIABLE = YES;
				IPHONEOS_DEPLOYMENT_TARGET = 12.0;
				MTL_ENABLE_DEBUG_INFO = INCLUDE_SOURCE;
				MTL_FAST_MATH = YES;
				ONLY_ACTIVE_ARCH = YES;
				SDKROOT = iphoneos;
				SWIFT_ACTIVE_COMPILATION_CONDITIONS = DEBUG;
				SWIFT_OPTIMIZATION_LEVEL = "-Onone";
			};
			name = Debug;
		};
		FB84523221786B38001BA9D7 /* Release */ = {
			isa = XCBuildConfiguration;
			buildSettings = {
				ALWAYS_SEARCH_USER_PATHS = NO;
				CLANG_ANALYZER_NONNULL = YES;
				CLANG_ANALYZER_NUMBER_OBJECT_CONVERSION = YES_AGGRESSIVE;
				CLANG_CXX_LANGUAGE_STANDARD = "gnu++14";
				CLANG_CXX_LIBRARY = "libc++";
				CLANG_ENABLE_MODULES = YES;
				CLANG_ENABLE_OBJC_ARC = YES;
				CLANG_ENABLE_OBJC_WEAK = YES;
				CLANG_WARN_BLOCK_CAPTURE_AUTORELEASING = YES;
				CLANG_WARN_BOOL_CONVERSION = YES;
				CLANG_WARN_COMMA = YES;
				CLANG_WARN_CONSTANT_CONVERSION = YES;
				CLANG_WARN_DEPRECATED_OBJC_IMPLEMENTATIONS = YES;
				CLANG_WARN_DIRECT_OBJC_ISA_USAGE = YES_ERROR;
				CLANG_WARN_DOCUMENTATION_COMMENTS = YES;
				CLANG_WARN_EMPTY_BODY = YES;
				CLANG_WARN_ENUM_CONVERSION = YES;
				CLANG_WARN_INFINITE_RECURSION = YES;
				CLANG_WARN_INT_CONVERSION = YES;
				CLANG_WARN_NON_LITERAL_NULL_CONVERSION = YES;
				CLANG_WARN_OBJC_IMPLICIT_RETAIN_SELF = YES;
				CLANG_WARN_OBJC_LITERAL_CONVERSION = YES;
				CLANG_WARN_OBJC_ROOT_CLASS = YES_ERROR;
				CLANG_WARN_RANGE_LOOP_ANALYSIS = YES;
				CLANG_WARN_STRICT_PROTOTYPES = YES;
				CLANG_WARN_SUSPICIOUS_MOVE = YES;
				CLANG_WARN_UNGUARDED_AVAILABILITY = YES_AGGRESSIVE;
				CLANG_WARN_UNREACHABLE_CODE = YES;
				CLANG_WARN__DUPLICATE_METHOD_MATCH = YES;
				CODE_SIGN_IDENTITY = "iPhone Developer";
				COPY_PHASE_STRIP = NO;
				DEBUG_INFORMATION_FORMAT = "dwarf-with-dsym";
				ENABLE_NS_ASSERTIONS = NO;
				ENABLE_STRICT_OBJC_MSGSEND = YES;
				GCC_C_LANGUAGE_STANDARD = gnu11;
				GCC_NO_COMMON_BLOCKS = YES;
				GCC_WARN_64_TO_32_BIT_CONVERSION = YES;
				GCC_WARN_ABOUT_RETURN_TYPE = YES_ERROR;
				GCC_WARN_UNDECLARED_SELECTOR = YES;
				GCC_WARN_UNINITIALIZED_AUTOS = YES_AGGRESSIVE;
				GCC_WARN_UNUSED_FUNCTION = YES;
				GCC_WARN_UNUSED_VARIABLE = YES;
				IPHONEOS_DEPLOYMENT_TARGET = 12.0;
				MTL_ENABLE_DEBUG_INFO = NO;
				MTL_FAST_MATH = YES;
				SDKROOT = iphoneos;
				SWIFT_COMPILATION_MODE = wholemodule;
				SWIFT_OPTIMIZATION_LEVEL = "-O";
				VALIDATE_PRODUCT = YES;
			};
			name = Release;
		};
		FB84523421786B38001BA9D7 /* Debug */ = {
			isa = XCBuildConfiguration;
			baseConfigurationReference = 269EB1993C8F02D5C7B3BC62 /* Pods-ViperTech.debug.xcconfig */;
			buildSettings = {
				ASSETCATALOG_COMPILER_APPICON_NAME = AppIcon;
				CODE_SIGN_IDENTITY = "iPhone Developer";
				CODE_SIGN_STYLE = Automatic;
				DEVELOPMENT_TEAM = EQYUZ4SWRS;
				INFOPLIST_FILE = ViperTech/Info.plist;
				IPHONEOS_DEPLOYMENT_TARGET = 11.0;
				LD_RUNPATH_SEARCH_PATHS = (
					"$(inherited)",
					"@executable_path/Frameworks",
				);
				PRODUCT_BUNDLE_IDENTIFIER = adriaros.ViperTech;
				PRODUCT_NAME = "$(TARGET_NAME)";
				PROVISIONING_PROFILE_SPECIFIER = "";
				SWIFT_VERSION = 4.2;
				TARGETED_DEVICE_FAMILY = "1,2";
			};
			name = Debug;
		};
		FB84523521786B38001BA9D7 /* Release */ = {
			isa = XCBuildConfiguration;
			baseConfigurationReference = FA7DDFEB1F80789A671D0748 /* Pods-ViperTech.release.xcconfig */;
			buildSettings = {
				ASSETCATALOG_COMPILER_APPICON_NAME = AppIcon;
				CODE_SIGN_IDENTITY = "iPhone Developer";
				CODE_SIGN_STYLE = Automatic;
				DEVELOPMENT_TEAM = EQYUZ4SWRS;
				INFOPLIST_FILE = ViperTech/Info.plist;
				IPHONEOS_DEPLOYMENT_TARGET = 11.0;
				LD_RUNPATH_SEARCH_PATHS = (
					"$(inherited)",
					"@executable_path/Frameworks",
				);
				PRODUCT_BUNDLE_IDENTIFIER = adriaros.ViperTech;
				PRODUCT_NAME = "$(TARGET_NAME)";
				PROVISIONING_PROFILE_SPECIFIER = "";
				SWIFT_VERSION = 4.2;
				TARGETED_DEVICE_FAMILY = "1,2";
			};
			name = Release;
		};
/* End XCBuildConfiguration section */

/* Begin XCConfigurationList section */
		FB84521921786B36001BA9D7 /* Build configuration list for PBXProject "ViperTech" */ = {
			isa = XCConfigurationList;
			buildConfigurations = (
				FB84523121786B38001BA9D7 /* Debug */,
				FB84523221786B38001BA9D7 /* Release */,
			);
			defaultConfigurationIsVisible = 0;
			defaultConfigurationName = Release;
		};
		FB84523321786B38001BA9D7 /* Build configuration list for PBXNativeTarget "ViperTech" */ = {
			isa = XCConfigurationList;
			buildConfigurations = (
				FB84523421786B38001BA9D7 /* Debug */,
				FB84523521786B38001BA9D7 /* Release */,
			);
			defaultConfigurationIsVisible = 0;
			defaultConfigurationName = Release;
		};
/* End XCConfigurationList section */

/* Begin XCVersionGroup section */
		FB84522821786B36001BA9D7 /* ViperTech.xcdatamodeld */ = {
			isa = XCVersionGroup;
			children = (
				FB84522921786B36001BA9D7 /* ViperTech.xcdatamodel */,
			);
			currentVersion = FB84522921786B36001BA9D7 /* ViperTech.xcdatamodel */;
			path = ViperTech.xcdatamodeld;
			sourceTree = "<group>";
			versionGroupType = wrapper.xcdatamodel;
		};
/* End XCVersionGroup section */
	};
	rootObject = FB84521621786B36001BA9D7 /* Project object */;
}
